Microsoft Visual Studio Solution File, Format Version 12.00
# Visual Studio Version 16
VisualStudioVersion = 16.0.30114.105
MinimumVisualStudioVersion = 10.0.40219.1
Project("{FAE04EC0-301F-11D3-BF4B-00C04F79EFBC}") = "Logging.Policies", "Logging.Policies\Logging.Policies.csproj", "{3290D090-6FB9-4F4F-BB6D-95E74811AC82}"
EndProject
Project("{FAE04EC0-301F-11D3-BF4B-00C04F79EFBC}") = "Logging.Policies.Tests", "Logging.Policies.Tests\Logging.Policies.Tests.csproj", "{0BF2D1B7-23B8-43ED-A056-7BCA8A87BB9B}"
EndProject
Global
	GlobalSection(SolutionConfigurationPlatforms) = preSolution
		Debug|Any CPU = Debug|Any CPU
		Release|Any CPU = Release|Any CPU
	EndGlobalSection
	GlobalSection(SolutionProperties) = preSolution
		HideSolutionNode = FALSE
	EndGlobalSection
	GlobalSection(ProjectConfigurationPlatforms) = postSolution
		{3290D090-6FB9-4F4F-BB6D-95E74811AC82}.Debug|Any CPU.ActiveCfg = Debug|Any CPU
		{3290D090-6FB9-4F4F-BB6D-95E74811AC82}.Debug|Any CPU.Build.0 = Debug|Any CPU
		{3290D090-6FB9-4F4F-BB6D-95E74811AC82}.Release|Any CPU.ActiveCfg = Release|Any CPU
		{3290D090-6FB9-4F4F-BB6D-95E74811AC82}.Release|Any CPU.Build.0 = Release|Any CPU
		{0BF2D1B7-23B8-43ED-A056-7BCA8A87BB9B}.Debug|Any CPU.ActiveCfg = Debug|Any CPU
		{0BF2D1B7-23B8-43ED-A056-7BCA8A87BB9B}.Debug|Any CPU.Build.0 = Debug|Any CPU
		{0BF2D1B7-23B8-43ED-A056-7BCA8A87BB9B}.Release|Any CPU.ActiveCfg = Release|Any CPU
		{0BF2D1B7-23B8-43ED-A056-7BCA8A87BB9B}.Release|Any CPU.Build.0 = Release|Any CPU
	EndGlobalSection
EndGlobal
